
Microsoft Visual Studio Solution File, Format Version 12.00
# Visual Studio Version 16
VisualStudioVersion = 16.0.31410.357
MinimumVisualStudioVersion = 10.0.40219.1
Project("{FAE04EC0-301F-11D3-BF4B-00C04F79EFBC}") = "eTickets", "eTickets.csproj", "{46A64676-34F5-44CC-93CF-0E48749BDCB4}"
EndProject
Global
	GlobalSection(SolutionConfigurationPlatforms) = preSolution
		Debug|Any CPU = Debug|Any CPU
		Release|Any CPU = Release|Any CPU
	EndGlobalSection
	GlobalSection(ProjectConfigurationPlatforms) = postSolution
		{46A64676-34F5-44CC-93CF-0E48749BDCB4}.Debug|Any CPU.ActiveCfg = Debug|Any CPU
		{46A64676-34F5-44CC-93CF-0E48749BDCB4}.Debug|Any CPU.Build.0 = Debug|Any CPU
		{46A64676-34F5-44CC-93CF-0E48749BDCB4}.Release|Any CPU.ActiveCfg = Release|Any CPU
		{46A64676-34F5-44CC-93CF-0E48749BDCB4}.Release|Any CPU.Build.0 = Release|Any CPU
	EndGlobalSection
	GlobalSection(SolutionProperties) = preSolution
		HideSolutionNode = FALSE
	EndGlobalSection
	GlobalSection(ExtensibilityGlobals) = postSolution
		SolutionGuid = {C5F15799-4BA7-449B-9BE7-3255C159A7D9}
	EndGlobalSection
EndGlobal
